
Microsoft Visual Studio Solution File, Format Version 12.00
# Visual Studio Version 17
VisualStudioVersion = 17.0.31903.59
MinimumVisualStudioVersion = 10.0.40219.1
Project("{2150E333-8FDC-42A3-9474-1A3956D46DE8}") = "src", "src", "{0FBFDAF5-BF55-41E1-AB29-7785D62F7F0C}"
EndProject
Project("{FAE04EC0-301F-11D3-BF4B-00C04F79EFBC}") = "PostComment.Api", "src\PostComment.Api\PostComment.Api.csproj", "{3B4FFC90-7A6B-46A0-A7B0-71C19C95FB23}"
EndProject
Project("{FAE04EC0-301F-11D3-BF4B-00C04F79EFBC}") = "PostComment.Domain", "src\PostComment.Domain\PostComment.Domain.csproj", "{A3700BA2-E328-42C7-8EA2-EA1E8A469E7D}"
EndProject
Project("{FAE04EC0-301F-11D3-BF4B-00C04F79EFBC}") = "PostComment.Infrastructure", "src\PostComment.Infrastructure\PostComment.Infrastructure.csproj", "{A478BA4B-44E6-4BA5-900F-0E909ECDBDB3}"
EndProject
Project("{2150E333-8FDC-42A3-9474-1A3956D46DE8}") = "test", "test", "{759B0E07-C0B0-4E22-87A8-C3ED9D15DCC3}"
EndProject
Project("{FAE04EC0-301F-11D3-BF4B-00C04F79EFBC}") = "PostComment.Test", "test\PostComment.Test\PostComment.Test.csproj", "{A5505738-D6CD-4A33-8227-AFB8DF5F95A6}"
EndProject
Global
	GlobalSection(SolutionConfigurationPlatforms) = preSolution
		Debug|Any CPU = Debug|Any CPU
		Release|Any CPU = Release|Any CPU
	EndGlobalSection
	GlobalSection(SolutionProperties) = preSolution
		HideSolutionNode = FALSE
	EndGlobalSection
	GlobalSection(ProjectConfigurationPlatforms) = postSolution
		{3B4FFC90-7A6B-46A0-A7B0-71C19C95FB23}.Debug|Any CPU.ActiveCfg = Debug|Any CPU
		{3B4FFC90-7A6B-46A0-A7B0-71C19C95FB23}.Debug|Any CPU.Build.0 = Debug|Any CPU
		{3B4FFC90-7A6B-46A0-A7B0-71C19C95FB23}.Release|Any CPU.ActiveCfg = Release|Any CPU
		{3B4FFC90-7A6B-46A0-A7B0-71C19C95FB23}.Release|Any CPU.Build.0 = Release|Any CPU
		{A3700BA2-E328-42C7-8EA2-EA1E8A469E7D}.Debug|Any CPU.ActiveCfg = Debug|Any CPU
		{A3700BA2-E328-42C7-8EA2-EA1E8A469E7D}.Debug|Any CPU.Build.0 = Debug|Any CPU
		{A3700BA2-E328-42C7-8EA2-EA1E8A469E7D}.Release|Any CPU.ActiveCfg = Release|Any CPU
		{A3700BA2-E328-42C7-8EA2-EA1E8A469E7D}.Release|Any CPU.Build.0 = Release|Any CPU
		{A478BA4B-44E6-4BA5-900F-0E909ECDBDB3}.Debug|Any CPU.ActiveCfg = Debug|Any CPU
		{A478BA4B-44E6-4BA5-900F-0E909ECDBDB3}.Debug|Any CPU.Build.0 = Debug|Any CPU
		{A478BA4B-44E6-4BA5-900F-0E909ECDBDB3}.Release|Any CPU.ActiveCfg = Release|Any CPU
		{A478BA4B-44E6-4BA5-900F-0E909ECDBDB3}.Release|Any CPU.Build.0 = Release|Any CPU
		{A5505738-D6CD-4A33-8227-AFB8DF5F95A6}.Debug|Any CPU.ActiveCfg = Debug|Any CPU
		{A5505738-D6CD-4A33-8227-AFB8DF5F95A6}.Debug|Any CPU.Build.0 = Debug|Any CPU
		{A5505738-D6CD-4A33-8227-AFB8DF5F95A6}.Release|Any CPU.ActiveCfg = Release|Any CPU
		{A5505738-D6CD-4A33-8227-AFB8DF5F95A6}.Release|Any CPU.Build.0 = Release|Any CPU
	EndGlobalSection
	GlobalSection(NestedProjects) = preSolution
		{3B4FFC90-7A6B-46A0-A7B0-71C19C95FB23} = {0FBFDAF5-BF55-41E1-AB29-7785D62F7F0C}
		{A3700BA2-E328-42C7-8EA2-EA1E8A469E7D} = {0FBFDAF5-BF55-41E1-AB29-7785D62F7F0C}
		{A478BA4B-44E6-4BA5-900F-0E909ECDBDB3} = {0FBFDAF5-BF55-41E1-AB29-7785D62F7F0C}
		{A5505738-D6CD-4A33-8227-AFB8DF5F95A6} = {759B0E07-C0B0-4E22-87A8-C3ED9D15DCC3}
	EndGlobalSection
EndGlobal
